
Microsoft Visual Studio Solution File, Format Version 12.00
# Visual Studio Version 17
VisualStudioVersion = 17.0.31612.314
MinimumVisualStudioVersion = 10.0.40219.1
Project("{FAE04EC0-301F-11D3-BF4B-00C04F79EFBC}") = "DicordAntiSpamBot", "DicordAntiSpamBot\DicordAntiSpamBot.csproj", "{E40F9EF0-4243-457D-806A-F27D86DB4393}"
EndProject
Global
	GlobalSection(SolutionConfigurationPlatforms) = preSolution
		Debug|Any CPU = Debug|Any CPU
		Release|Any CPU = Release|Any CPU
	EndGlobalSection
	GlobalSection(ProjectConfigurationPlatforms) = postSolution
		{E40F9EF0-4243-457D-806A-F27D86DB4393}.Debug|Any CPU.ActiveCfg = Debug|Any CPU
		{E40F9EF0-4243-457D-806A-F27D86DB4393}.Debug|Any CPU.Build.0 = Debug|Any CPU
		{E40F9EF0-4243-457D-806A-F27D86DB4393}.Release|Any CPU.ActiveCfg = Release|Any CPU
		{E40F9EF0-4243-457D-806A-F27D86DB4393}.Release|Any CPU.Build.0 = Release|Any CPU
	EndGlobalSection
	GlobalSection(SolutionProperties) = preSolution
		HideSolutionNode = FALSE
	EndGlobalSection
	GlobalSection(ExtensibilityGlobals) = postSolution
		SolutionGuid = {8FF6655A-967E-419F-AD08-15363D17B58F}
	EndGlobalSection
EndGlobal
